
Microsoft Visual Studio Solution File, Format Version 12.00
# Visual Studio Version 17
VisualStudioVersion = 17.14.36401.2
MinimumVisualStudioVersion = 10.0.40219.1
Project("{FAE04EC0-301F-11D3-BF4B-00C04F79EFBC}") = "Launcher", "Launcher\Launcher.csproj", "{6BF33C6E-C9B8-4960-BDD8-A92BD4D9501F}"
EndProject
Project("{FAE04EC0-301F-11D3-BF4B-00C04F79EFBC}") = "Launcher.Tests", "Launcher.Tests\Launcher.Tests.csproj", "{43DE0F14-4DB3-46C3-9FE4-C42BC2A37B7A}"
EndProject
Project("{FAE04EC0-301F-11D3-BF4B-00C04F79EFBC}") = "Pericles.ApplicationSdk", "Pericles.ApplicationSdk\Pericles.ApplicationSdk.csproj", "{7D6C8313-775E-42A5-A830-CDBFE803391A}"
EndProject
Project("{FAE04EC0-301F-11D3-BF4B-00C04F79EFBC}") = "Pericles.DemoApplication", "Pericles.DemoApplication\Pericles.DemoApplication.csproj", "{BEDF3D2A-9248-476A-B2C3-A58D2F5AF109}"
EndProject
Global
	GlobalSection(SolutionConfigurationPlatforms) = preSolution
		Debug|Any CPU = Debug|Any CPU
		Debug|x64 = Debug|x64
		Debug|x86 = Debug|x86
		Release|Any CPU = Release|Any CPU
		Release|x64 = Release|x64
		Release|x86 = Release|x86
	EndGlobalSection
	GlobalSection(ProjectConfigurationPlatforms) = postSolution
		{6BF33C6E-C9B8-4960-BDD8-A92BD4D9501F}.Debug|Any CPU.ActiveCfg = Debug|Any CPU
		{6BF33C6E-C9B8-4960-BDD8-A92BD4D9501F}.Debug|Any CPU.Build.0 = Debug|Any CPU
		{6BF33C6E-C9B8-4960-BDD8-A92BD4D9501F}.Debug|x64.ActiveCfg = Debug|Any CPU
		{6BF33C6E-C9B8-4960-BDD8-A92BD4D9501F}.Debug|x64.Build.0 = Debug|Any CPU
		{6BF33C6E-C9B8-4960-BDD8-A92BD4D9501F}.Debug|x86.ActiveCfg = Debug|Any CPU
		{6BF33C6E-C9B8-4960-BDD8-A92BD4D9501F}.Debug|x86.Build.0 = Debug|Any CPU
		{6BF33C6E-C9B8-4960-BDD8-A92BD4D9501F}.Release|Any CPU.ActiveCfg = Release|Any CPU
		{6BF33C6E-C9B8-4960-BDD8-A92BD4D9501F}.Release|Any CPU.Build.0 = Release|Any CPU
		{6BF33C6E-C9B8-4960-BDD8-A92BD4D9501F}.Release|x64.ActiveCfg = Release|Any CPU
		{6BF33C6E-C9B8-4960-BDD8-A92BD4D9501F}.Release|x64.Build.0 = Release|Any CPU
		{6BF33C6E-C9B8-4960-BDD8-A92BD4D9501F}.Release|x86.ActiveCfg = Release|Any CPU
		{6BF33C6E-C9B8-4960-BDD8-A92BD4D9501F}.Release|x86.Build.0 = Release|Any CPU
		{43DE0F14-4DB3-46C3-9FE4-C42BC2A37B7A}.Debug|Any CPU.ActiveCfg = Debug|Any CPU
		{43DE0F14-4DB3-46C3-9FE4-C42BC2A37B7A}.Debug|Any CPU.Build.0 = Debug|Any CPU
		{43DE0F14-4DB3-46C3-9FE4-C42BC2A37B7A}.Debug|x64.ActiveCfg = Debug|Any CPU
		{43DE0F14-4DB3-46C3-9FE4-C42BC2A37B7A}.Debug|x64.Build.0 = Debug|Any CPU
		{43DE0F14-4DB3-46C3-9FE4-C42BC2A37B7A}.Debug|x86.ActiveCfg = Debug|Any CPU
		{43DE0F14-4DB3-46C3-9FE4-C42BC2A37B7A}.Debug|x86.Build.0 = Debug|Any CPU
		{43DE0F14-4DB3-46C3-9FE4-C42BC2A37B7A}.Release|Any CPU.ActiveCfg = Release|Any CPU
		{43DE0F14-4DB3-46C3-9FE4-C42BC2A37B7A}.Release|Any CPU.Build.0 = Release|Any CPU
		{43DE0F14-4DB3-46C3-9FE4-C42BC2A37B7A}.Release|x64.ActiveCfg = Release|Any CPU
		{43DE0F14-4DB3-46C3-9FE4-C42BC2A37B7A}.Release|x64.Build.0 = Release|Any CPU
		{43DE0F14-4DB3-46C3-9FE4-C42BC2A37B7A}.Release|x86.ActiveCfg = Release|Any CPU
		{43DE0F14-4DB3-46C3-9FE4-C42BC2A37B7A}.Release|x86.Build.0 = Release|Any CPU
		{7D6C8313-775E-42A5-A830-CDBFE803391A}.Debug|Any CPU.ActiveCfg = Debug|Any CPU
		{7D6C8313-775E-42A5-A830-CDBFE803391A}.Debug|Any CPU.Build.0 = Debug|Any CPU
		{7D6C8313-775E-42A5-A830-CDBFE803391A}.Debug|x64.ActiveCfg = Debug|Any CPU
		{7D6C8313-775E-42A5-A830-CDBFE803391A}.Debug|x64.Build.0 = Debug|Any CPU
		{7D6C8313-775E-42A5-A830-CDBFE803391A}.Debug|x86.ActiveCfg = Debug|Any CPU
		{7D6C8313-775E-42A5-A830-CDBFE803391A}.Debug|x86.Build.0 = Debug|Any CPU
		{7D6C8313-775E-42A5-A830-CDBFE803391A}.Release|Any CPU.ActiveCfg = Release|Any CPU
		{7D6C8313-775E-42A5-A830-CDBFE803391A}.Release|Any CPU.Build.0 = Release|Any CPU
		{7D6C8313-775E-42A5-A830-CDBFE803391A}.Release|x64.ActiveCfg = Release|Any CPU
		{7D6C8313-775E-42A5-A830-CDBFE803391A}.Release|x64.Build.0 = Release|Any CPU
		{7D6C8313-775E-42A5-A830-CDBFE803391A}.Release|x86.ActiveCfg = Release|Any CPU
		{7D6C8313-775E-42A5-A830-CDBFE803391A}.Release|x86.Build.0 = Release|Any CPU
		{BEDF3D2A-9248-476A-B2C3-A58D2F5AF109}.Debug|Any CPU.ActiveCfg = Debug|Any CPU
		{BEDF3D2A-9248-476A-B2C3-A58D2F5AF109}.Debug|Any CPU.Build.0 = Debug|Any CPU
		{BEDF3D2A-9248-476A-B2C3-A58D2F5AF109}.Debug|x64.ActiveCfg = Debug|Any CPU
		{BEDF3D2A-9248-476A-B2C3-A58D2F5AF109}.Debug|x64.Build.0 = Debug|Any CPU
		{BEDF3D2A-9248-476A-B2C3-A58D2F5AF109}.Debug|x86.ActiveCfg = Debug|Any CPU
		{BEDF3D2A-9248-476A-B2C3-A58D2F5AF109}.Debug|x86.Build.0 = Debug|Any CPU
		{BEDF3D2A-9248-476A-B2C3-A58D2F5AF109}.Release|Any CPU.ActiveCfg = Release|Any CPU
		{BEDF3D2A-9248-476A-B2C3-A58D2F5AF109}.Release|Any CPU.Build.0 = Release|Any CPU
		{BEDF3D2A-9248-476A-B2C3-A58D2F5AF109}.Release|x64.ActiveCfg = Release|Any CPU
		{BEDF3D2A-9248-476A-B2C3-A58D2F5AF109}.Release|x64.Build.0 = Release|Any CPU
		{BEDF3D2A-9248-476A-B2C3-A58D2F5AF109}.Release|x86.ActiveCfg = Release|Any CPU
		{BEDF3D2A-9248-476A-B2C3-A58D2F5AF109}.Release|x86.Build.0 = Release|Any CPU
	EndGlobalSection
	GlobalSection(SolutionProperties) = preSolution
		HideSolutionNode = FALSE
	EndGlobalSection
	GlobalSection(ExtensibilityGlobals) = postSolution
		SolutionGuid = {65D0260B-EA47-482B-943F-C0BEAEB182D2}
	EndGlobalSection
EndGlobal
